// !$*UTF8*$!
{
	archiveVersion = 1;
	classes = {
	};
	objectVersion = 46;
	objects = {

/* Begin PBXBuildFile section */
		1A98D4631BAB58D200EC3374 /* AppDelegate.swift in Sources */ = {isa = PBXBuildFile; fileRef = 1A98D4621BAB58D200EC3374 /* AppDelegate.swift */; };
		1A98D4651BAB58D200EC3374 /* ViewController.swift in Sources */ = {isa = PBXBuildFile; fileRef = 1A98D4641BAB58D200EC3374 /* ViewController.swift */; };
		1A98D4681BAB58D200EC3374 /* Main.storyboard in Resources */ = {isa = PBXBuildFile; fileRef = 1A98D4661BAB58D200EC3374 /* Main.storyboard */; };
		1A98D46A1BAB58D200EC3374 /* Assets.xcassets in Resources */ = {isa = PBXBuildFile; fileRef = 1A98D4691BAB58D200EC3374 /* Assets.xcassets */; };
		1A98D46D1BAB58D200EC3374 /* LaunchScreen.storyboard in Resources */ = {isa = PBXBuildFile; fileRef = 1A98D46B1BAB58D200EC3374 /* LaunchScreen.storyboard */; };
		1A98D4781BAB58D200EC3374 /* BullsEyeTests.swift in Sources */ = {isa = PBXBuildFile; fileRef = 1A98D4771BAB58D200EC3374 /* BullsEyeTests.swift */; };
		1A98D4831BAB58D200EC3374 /* BullsEyeUITests.swift in Sources */ = {isa = PBXBuildFile; fileRef = 1A98D4821BAB58D200EC3374 /* BullsEyeUITests.swift */; };
/* End PBXBuildFile section */

/* Begin PBXContainerItemProxy section */
		1A98D4741BAB58D200EC3374 /* PBXContainerItemProxy */ = {
			isa = PBXContainerItemProxy;
			containerPortal = 1A98D4571BAB58D200EC3374 /* Project object */;
			proxyType = 1;
			remoteGlobalIDString = 1A98D45E1BAB58D200EC3374;
			remoteInfo = BullsEye;
		};
		1A98D47F1BAB58D200EC3374 /* PBXContainerItemProxy */ = {
			isa = PBXContainerItemProxy;
			containerPortal = 1A98D4571BAB58D200EC3374 /* Project object */;
			proxyType = 1;
			remoteGlobalIDString = 1A98D45E1BAB58D200EC3374;
			remoteInfo = BullsEye;
		};
/* End PBXContainerItemProxy section */

/* Begin PBXFileReference section */
		1A98D45F1BAB58D200EC3374 /* BullsEye.app */ = {isa = PBXFileReference; explicitFileType = wrapper.application; includeInIndex = 0; path = BullsEye.app; sourceTree = BUILT_PRODUCTS_DIR; };
		1A98D4621BAB58D200EC3374 /* AppDelegate.swift */ = {isa = PBXFileReference; lastKnownFileType = sourcecode.swift; path = AppDelegate.swift; sourceTree = "<group>"; };
		1A98D4641BAB58D200EC3374 /* ViewController.swift */ = {isa = PBXFileReference; lastKnownFileType = sourcecode.swift; path = ViewController.swift; sourceTree = "<group>"; };
		1A98D4671BAB58D200EC3374 /* Base */ = {isa = PBXFileReference; lastKnownFileType = file.storyboard; name = Base; path = Base.lproj/Main.storyboard; sourceTree = "<group>"; };
		1A98D4691BAB58D200EC3374 /* Assets.xcassets */ = {isa = PBXFileReference; lastKnownFileType = folder.assetcatalog; path = Assets.xcassets; sourceTree = "<group>"; };
		1A98D46C1BAB58D200EC3374 /* Base */ = {isa = PBXFileReference; lastKnownFileType = file.storyboard; name = Base; path = Base.lproj/LaunchScreen.storyboard; sourceTree = "<group>"; };
		1A98D46E1BAB58D200EC3374 /* Info.plist */ = {isa = PBXFileReference; lastKnownFileType = text.plist.xml; path = Info.plist; sourceTree = "<group>"; };
		1A98D4731BAB58D200EC3374 /* BullsEyeTests.xctest */ = {isa = PBXFileReference; explicitFileType = wrapper.cfbundle; includeInIndex = 0; path = BullsEyeTests.xctest; sourceTree = BUILT_PRODUCTS_DIR; };
		1A98D4771BAB58D200EC3374 /* BullsEyeTests.swift */ = {isa = PBXFileReference; lastKnownFileType = sourcecode.swift; path = BullsEyeTests.swift; sourceTree = "<group>"; };
		1A98D4791BAB58D200EC3374 /* Info.plist */ = {isa = PBXFileReference; lastKnownFileType = text.plist.xml; path = Info.plist; sourceTree = "<group>"; };
		1A98D47E1BAB58D200EC3374 /* BullsEyeUITests.xctest */ = {isa = PBXFileReference; explicitFileType = wrapper.cfbundle; includeInIndex = 0; path = BullsEyeUITests.xctest; sourceTree = BUILT_PRODUCTS_DIR; };
		1A98D4821BAB58D200EC3374 /* BullsEyeUITests.swift */ = {isa = PBXFileReference; lastKnownFileType = sourcecode.swift; path = BullsEyeUITests.swift; sourceTree = "<group>"; };
		1A98D4841BAB58D200EC3374 /* Info.plist */ = {isa = PBXFileReference; lastKnownFileType = text.plist.xml; path = Info.plist; sourceTree = "<group>"; };
/* End PBXFileReference section */

/* Begin PBXFrameworksBuildPhase section */
		1A98D45C1BAB58D200EC3374 /* Frameworks */ = {
			isa = PBXFrameworksBuildPhase;
			buildActionMask = 2147483647;
			files = (
			);
			runOnlyForDeploymentPostprocessing = 0;
		};
		1A98D4701BAB58D200EC3374 /* Frameworks */ = {
			isa = PBXFrameworksBuildPhase;
			buildActionMask = 2147483647;
			files = (
			);
			runOnlyForDeploymentPostprocessing = 0;
		};
		1A98D47B1BAB58D200EC3374 /* Frameworks */ = {
			isa = PBXFrameworksBuildPhase;
			buildActionMask = 2147483647;
			files = (
			);
			runOnlyForDeploymentPostprocessing = 0;
		};
/* End PBXFrameworksBuildPhase section */

/* Begin PBXGroup section */
		1A98D4561BAB58D200EC3374 = {
			isa = PBXGroup;
			children = (
				1A98D4611BAB58D200EC3374 /* BullsEye */,
				1A98D4761BAB58D200EC3374 /* BullsEyeTests */,
				1A98D4811BAB58D200EC3374 /* BullsEyeUITests */,
				1A98D4601BAB58D200EC3374 /* Products */,
			);
			sourceTree = "<group>";
		};
		1A98D4601BAB58D200EC3374 /* Products */ = {
			isa = PBXGroup;
			children = (
				1A98D45F1BAB58D200EC3374 /* BullsEye.app */,
				1A98D4731BAB58D200EC3374 /* BullsEyeTests.xctest */,
				1A98D47E1BAB58D200EC3374 /* BullsEyeUITests.xctest */,
			);
			name = Products;
			sourceTree = "<group>";
		};
		1A98D4611BAB58D200EC3374 /* BullsEye */ = {
			isa = PBXGroup;
			children = (
				1A98D4621BAB58D200EC3374 /* AppDelegate.swift */,
				1A98D4641BAB58D200EC3374 /* ViewController.swift */,
				1A98D4661BAB58D200EC3374 /* Main.storyboard */,
				1A98D4691BAB58D200EC3374 /* Assets.xcassets */,
				1A98D46B1BAB58D200EC3374 /* LaunchScreen.storyboard */,
				1A98D46E1BAB58D200EC3374 /* Info.plist */,
			);
			path = BullsEye;
			sourceTree = "<group>";
		};
		1A98D4761BAB58D200EC3374 /* BullsEyeTests */ = {
			isa = PBXGroup;
			children = (
				1A98D4771BAB58D200EC3374 /* BullsEyeTests.swift */,
				1A98D4791BAB58D200EC3374 /* Info.plist */,
			);
			path = BullsEyeTests;
			sourceTree = "<group>";
		};
		1A98D4811BAB58D200EC3374 /* BullsEyeUITests */ = {
			isa = PBXGroup;
			children = (
				1A98D4821BAB58D200EC3374 /* BullsEyeUITests.swift */,
				1A98D4841BAB58D200EC3374 /* Info.plist */,
			);
			path = BullsEyeUITests;
			sourceTree = "<group>";
		};
/* End PBXGroup section */

/* Begin PBXNativeTarget section */
		1A98D45E1BAB58D200EC3374 /* BullsEye */ = {
			isa = PBXNativeTarget;
			buildConfigurationList = 1A98D4871BAB58D200EC3374 /* Build configuration list for PBXNativeTarget "BullsEye" */;
			buildPhases = (
				1A98D45B1BAB58D200EC3374 /* Sources */,
				1A98D45C1BAB58D200EC3374 /* Frameworks */,
				1A98D45D1BAB58D200EC3374 /* Resources */,
			);
			buildRules = (
			);
			dependencies = (
			);
			name = BullsEye;
			productName = BullsEye;
			productReference = 1A98D45F1BAB58D200EC3374 /* BullsEye.app */;
			productType = "com.apple.product-type.application";
		};
		1A98D4721BAB58D200EC3374 /* BullsEyeTests */ = {
			isa = PBXNativeTarget;
			buildConfigurationList = 1A98D48A1BAB58D200EC3374 /* Build configuration list for PBXNativeTarget "BullsEyeTests" */;
			buildPhases = (
				1A98D46F1BAB58D200EC3374 /* Sources */,
				1A98D4701BAB58D200EC3374 /* Frameworks */,
				1A98D4711BAB58D200EC3374 /* Resources */,
			);
			buildRules = (
			);
			dependencies = (
				1A98D4751BAB58D200EC3374 /* PBXTargetDependency */,
			);
			name = BullsEyeTests;
			productName = BullsEyeTests;
			productReference = 1A98D4731BAB58D200EC3374 /* BullsEyeTests.xctest */;
			productType = "com.apple.product-type.bundle.unit-test";
		};
		1A98D47D1BAB58D200EC3374 /* BullsEyeUITests */ = {
			isa = PBXNativeTarget;
			buildConfigurationList = 1A98D48D1BAB58D200EC3374 /* Build configuration list for PBXNativeTarget "BullsEyeUITests" */;
			buildPhases = (
				1A98D47A1BAB58D200EC3374 /* Sources */,
				1A98D47B1BAB58D200EC3374 /* Frameworks */,
				1A98D47C1BAB58D200EC3374 /* Resources */,
			);
			buildRules = (
			);
			dependencies = (
				1A98D4801BAB58D200EC3374 /* PBXTargetDependency */,
			);
			name = BullsEyeUITests;
			productName = BullsEyeUITests;
			productReference = 1A98D47E1BAB58D200EC3374 /* BullsEyeUITests.xctest */;
			productType = "com.apple.product-type.bundle.ui-testing";
		};
/* End PBXNativeTarget section */

/* Begin PBXProject section */
		1A98D4571BAB58D200EC3374 /* Project object */ = {
			isa = PBXProject;
			attributes = {
				LastUpgradeCheck = 0700;
				ORGANIZATIONNAME = "Lynn Kuhlman";
				TargetAttributes = {
					1A98D45E1BAB58D200EC3374 = {
						CreatedOnToolsVersion = 7.0;
					};
					1A98D4721BAB58D200EC3374 = {
						CreatedOnToolsVersion = 7.0;
						TestTargetID = 1A98D45E1BAB58D200EC3374;
					};
					1A98D47D1BAB58D200EC3374 = {
						CreatedOnToolsVersion = 7.0;
						TestTargetID = 1A98D45E1BAB58D200EC3374;
					};
				};
			};
			buildConfigurationList = 1A98D45A1BAB58D200EC3374 /* Build configuration list for PBXProject "BullsEye" */;
			compatibilityVersion = "Xcode 3.2";
			developmentRegion = English;
			hasScannedForEncodings = 0;
			knownRegions = (
				en,
				Base,
			);
			mainGroup = 1A98D4561BAB58D200EC3374;
			productRefGroup = 1A98D4601BAB58D200EC3374 /* Products */;
			projectDirPath = "";
			projectRoot = "";
			targets = (
				1A98D45E1BAB58D200EC3374 /* BullsEye */,
				1A98D4721BAB58D200EC3374 /* BullsEyeTests */,
				1A98D47D1BAB58D200EC3374 /* BullsEyeUITests */,
			);
		};
/* End PBXProject section */

/* Begin PBXResourcesBuildPhase section */
		1A98D45D1BAB58D200EC3374 /* Resources */ = {
			isa = PBXResourcesBuildPhase;
			buildActionMask = 2147483647;
			files = (
				1A98D46D1BAB58D200EC3374 /* LaunchScreen.storyboard in Resources */,
				1A98D46A1BAB58D200EC3374 /* Assets.xcassets in Resources */,
				1A98D4681BAB58D200EC3374 /* Main.storyboard in Resources */,
			);
			runOnlyForDeploymentPostprocessing = 0;
		};
		1A98D4711BAB58D200EC3374 /* Resources */ = {
			isa = PBXResourcesBuildPhase;
			buildActionMask = 2147483647;
			files = (
			);
			runOnlyForDeploymentPostprocessing = 0;
		};
		1A98D47C1BAB58D200EC3374 /* Resources */ = {
			isa = PBXResourcesBuildPhase;
			buildActionMask = 2147483647;
			files = (
			);
			runOnlyForDeploymentPostprocessing = 0;
		};
/* End PBXResourcesBuildPhase section */

/* Begin PBXSourcesBuildPhase section */
		1A98D45B1BAB58D200EC3374 /* Sources */ = {
			isa = PBXSourcesBuildPhase;
			buildActionMask = 2147483647;
			files = (
				1A98D4651BAB58D200EC3374 /* ViewController.swift in Sources */,
				1A98D4631BAB58D200EC3374 /* AppDelegate.swift in Sources */,
			);
			runOnlyForDeploymentPostprocessing = 0;
		};
		1A98D46F1BAB58D200EC3374 /* Sources */ = {
			isa = PBXSourcesBuildPhase;
			buildActionMask = 2147483647;
			files = (
				1A98D4781BAB58D200EC3374 /* BullsEyeTests.swift in Sources */,
			);
			runOnlyForDeploymentPostprocessing = 0;
		};
		1A98D47A1BAB58D200EC3374 /* Sources */ = {
			isa = PBXSourcesBuildPhase;
			buildActionMask = 2147483647;
			files = (
				1A98D4831BAB58D200EC3374 /* BullsEyeUITests.swift in Sources */,
			);
			runOnlyForDeploymentPostprocessing = 0;
		};
/* End PBXSourcesBuildPhase section */

/* Begin PBXTargetDependency section */
		1A98D4751BAB58D200EC3374 /* PBXTargetDependency */ = {
			isa = PBXTargetDependency;
			target = 1A98D45E1BAB58D200EC3374 /* BullsEye */;
			targetProxy = 1A98D4741BAB58D200EC3374 /* PBXContainerItemProxy */;
		};
		1A98D4801BAB58D200EC3374 /* PBXTargetDependency */ = {
			isa = PBXTargetDependency;
			target = 1A98D45E1BAB58D200EC3374 /* BullsEye */;
			targetProxy = 1A98D47F1BAB58D200EC3374 /* PBXContainerItemProxy */;
		};
/* End PBXTargetDependency section */

/* Begin PBXVariantGroup section */
		1A98D4661BAB58D200EC3374 /* Main.storyboard */ = {
			isa = PBXVariantGroup;
			children = (
				1A98D4671BAB58D200EC3374 /* Base */,
			);
			name = Main.storyboard;
			sourceTree = "<group>";
		};
		1A98D46B1BAB58D200EC3374 /* LaunchScreen.storyboard */ = {
			isa = PBXVariantGroup;
			children = (
				1A98D46C1BAB58D200EC3374 /* Base */,
			);
			name = LaunchScreen.storyboard;
			sourceTree = "<group>";
		};
/* End PBXVariantGroup section */

/* Begin XCBuildConfiguration section */
		1A98D4851BAB58D200EC3374 /* Debug */ = {
			isa = XCBuildConfiguration;
			buildSettings = {
				ALWAYS_SEARCH_USER_PATHS = NO;
				CLANG_CXX_LANGUAGE_STANDARD = "gnu++0x";
				CLANG_CXX_LIBRARY = "libc++";
				CLANG_ENABLE_MODULES = YES;
				CLANG_ENABLE_OBJC_ARC = YES;
				CLANG_WARN_BOOL_CONVERSION = YES;
				CLANG_WARN_CONSTANT_CONVERSION = YES;
				CLANG_WARN_DIRECT_OBJC_ISA_USAGE = YES_ERROR;
				CLANG_WARN_EMPTY_BODY = YES;
				CLANG_WARN_ENUM_CONVERSION = YES;
				CLANG_WARN_INT_CONVERSION = YES;
				CLANG_WARN_OBJC_ROOT_CLASS = YES_ERROR;
				CLANG_WARN_UNREACHABLE_CODE = YES;
				CLANG_WARN__DUPLICATE_METHOD_MATCH = YES;
				"CODE_SIGN_IDENTITY[sdk=iphoneos*]" = "iPhone Developer";
				COPY_PHASE_STRIP = NO;
				DEBUG_INFORMATION_FORMAT = dwarf;
				ENABLE_STRICT_OBJC_MSGSEND = YES;
				ENABLE_TESTABILITY = YES;
				GCC_C_LANGUAGE_STANDARD = gnu99;
				GCC_DYNAMIC_NO_PIC = NO;
				GCC_NO_COMMON_BLOCKS = YES;
				GCC_OPTIMIZATION_LEVEL = 0;
				GCC_PREPROCESSOR_DEFINITIONS = (
					"DEBUG=1",
					"$(inherited)",
				);
				GCC_WARN_64_TO_32_BIT_CONVERSION = YES;
				GCC_WARN_ABOUT_RETURN_TYPE = YES_ERROR;
				GCC_WARN_UNDECLARED_SELECTOR = YES;
				GCC_WARN_UNINITIALIZED_AUTOS = YES_AGGRESSIVE;
				GCC_WARN_UNUSED_FUNCTION = YES;
				GCC_WARN_UNUSED_VARIABLE = YES;
				IPHONEOS_DEPLOYMENT_TARGET = 9.0;
				MTL_ENABLE_DEBUG_INFO = YES;
				ONLY_ACTIVE_ARCH = YES;
				SDKROOT = iphoneos;
				SWIFT_OPTIMIZATION_LEVEL = "-Onone";
			};
			name = Debug;
		};
		1A98D4861BAB58D200EC3374 /* Release */ = {
			isa = XCBuildConfiguration;
			buildSettings = {
				ALWAYS_SEARCH_USER_PATHS = NO;
				CLANG_CXX_LANGUAGE_STANDARD = "gnu++0x";
				CLANG_CXX_LIBRARY = "libc++";
				CLANG_ENABLE_MODULES = YES;
				CLANG_ENABLE_OBJC_ARC = YES;
				CLANG_WARN_BOOL_CONVERSION = YES;
				CLANG_WARN_CONSTANT_CONVERSION = YES;
				CLANG_WARN_DIRECT_OBJC_ISA_USAGE = YES_ERROR;
				CLANG_WARN_EMPTY_BODY = YES;
				CLANG_WARN_ENUM_CONVERSION = YES;
				CLANG_WARN_INT_CONVERSION = YES;
				CLANG_WARN_OBJC_ROOT_CLASS = YES_ERROR;
				CLANG_WARN_UNREACHABLE_CODE = YES;
				CLANG_WARN__DUPLICATE_METHOD_MATCH = YES;
				"CODE_SIGN_IDENTITY[sdk=iphoneos*]" = "iPhone Developer";
				COPY_PHASE_STRIP = NO;
				DEBUG_INFORMATION_FORMAT = "dwarf-with-dsym";
				ENABLE_NS_ASSERTIONS = NO;
				ENABLE_STRICT_OBJC_MSGSEND = YES;
				GCC_C_LANGUAGE_STANDARD = gnu99;
				GCC_NO_COMMON_BLOCKS = YES;
				GCC_WARN_64_TO_32_BIT_CONVERSION = YES;
				GCC_WARN_ABOUT_RETURN_TYPE = YES_ERROR;
				GCC_WARN_UNDECLARED_SELECTOR = YES;
				GCC_WARN_UNINITIALIZED_AUTOS = YES_AGGRESSIVE;
				GCC_WARN_UNUSED_FUNCTION = YES;
				GCC_WARN_UNUSED_VARIABLE = YES;
				IPHONEOS_DEPLOYMENT_TARGET = 9.0;
				MTL_ENABLE_DEBUG_INFO = NO;
				SDKROOT = iphoneos;
				VALIDATE_PRODUCT = YES;
			};
			name = Release;
		};
		1A98D4881BAB58D200EC3374 /* Debug */ = {
			isa = XCBuildConfiguration;
			buildSettings = {
				ASSETCATALOG_COMPILER_APPICON_NAME = AppIcon;
				INFOPLIST_FILE = BullsEye/Info.plist;
				LD_RUNPATH_SEARCH_PATHS = "$(inherited) @executable_path/Frameworks";
				PRODUCT_BUNDLE_IDENTIFIER = com.BullsEye.BullsEye;
				PRODUCT_NAME = "$(TARGET_NAME)";
			};
			name = Debug;
		};
		1A98D4891BAB58D200EC3374 /* Release */ = {
			isa = XCBuildConfiguration;
			buildSettings = {
				ASSETCATALOG_COMPILER_APPICON_NAME = AppIcon;
				INFOPLIST_FILE = BullsEye/Info.plist;
				LD_RUNPATH_SEARCH_PATHS = "$(inherited) @executable_path/Frameworks";
				PRODUCT_BUNDLE_IDENTIFIER = com.BullsEye.BullsEye;
				PRODUCT_NAME = "$(TARGET_NAME)";
			};
			name = Release;
		};
		1A98D48B1BAB58D200EC3374 /* Debug */ = {
			isa = XCBuildConfiguration;
			buildSettings = {
				BUNDLE_LOADER = "$(TEST_HOST)";
				INFOPLIST_FILE = BullsEyeTests/Info.plist;
				LD_RUNPATH_SEARCH_PATHS = "$(inherited) @executable_path/Frameworks @loader_path/Frameworks";
				PRODUCT_BUNDLE_IDENTIFIER = com.BullsEye.BullsEyeTests;
				PRODUCT_NAME = "$(TARGET_NAME)";
				TEST_HOST = "$(BUILT_PRODUCTS_DIR)/BullsEye.app/BullsEye";
			};
			name = Debug;
		};
		1A98D48C1BAB58D200EC3374 /* Release */ = {
			isa = XCBuildConfiguration;
			buildSettings = {
				BUNDLE_LOADER = "$(TEST_HOST)";
				INFOPLIST_FILE = BullsEyeTests/Info.plist;
				LD_RUNPATH_SEARCH_PATHS = "$(inherited) @executable_path/Frameworks @loader_path/Frameworks";
				PRODUCT_BUNDLE_IDENTIFIER = com.BullsEye.BullsEyeTests;
				PRODUCT_NAME = "$(TARGET_NAME)";
				TEST_HOST = "$(BUILT_PRODUCTS_DIR)/BullsEye.app/BullsEye";
			};
			name = Release;
		};
		1A98D48E1BAB58D200EC3374 /* Debug */ = {
			isa = XCBuildConfiguration;
			buildSettings = {
				INFOPLIST_FILE = BullsEyeUITests/Info.plist;
				LD_RUNPATH_SEARCH_PATHS = "$(inherited) @executable_path/Frameworks @loader_path/Frameworks";
				PRODUCT_BUNDLE_IDENTIFIER = com.BullsEye.BullsEyeUITests;
				PRODUCT_NAME = "$(TARGET_NAME)";
				TEST_TARGET_NAME = BullsEye;
				USES_XCTRUNNER = YES;
			};
			name = Debug;
		};
		1A98D48F1BAB58D200EC3374 /* Release */ = {
			isa = XCBuildConfiguration;
			buildSettings = {
				INFOPLIST_FILE = BullsEyeUITests/Info.plist;
				LD_RUNPATH_SEARCH_PATHS = "$(inherited) @executable_path/Frameworks @loader_path/Frameworks";
				PRODUCT_BUNDLE_IDENTIFIER = com.BullsEye.BullsEyeUITests;
				PRODUCT_NAME = "$(TARGET_NAME)";
				TEST_TARGET_NAME = BullsEye;
				USES_XCTRUNNER = YES;
			};
			name = Release;
		};
/* End XCBuildConfiguration section */

/* Begin XCConfigurationList section */
		1A98D45A1BAB58D200EC3374 /* Build configuration list for PBXProject "BullsEye" */ = {
			isa = XCConfigurationList;
			buildConfigurations = (
				1A98D4851BAB58D200EC3374 /* Debug */,
				1A98D4861BAB58D200EC3374 /* Release */,
			);
			defaultConfigurationIsVisible = 0;
			defaultConfigurationName = Release;
		};
		1A98D4871BAB58D200EC3374 /* Build configuration list for PBXNativeTarget "BullsEye" */ = {
			isa = XCConfigurationList;
			buildConfigurations = (
				1A98D4881BAB58D200EC3374 /* Debug */,
				1A98D4891BAB58D200EC3374 /* Release */,
			);
			defaultConfigurationIsVisible = 0;
		};
		1A98D48A1BAB58D200EC3374 /* Build configuration list for PBXNativeTarget "BullsEyeTests" */ = {
			isa = XCConfigurationList;
			buildConfigurations = (
				1A98D48B1BAB58D200EC3374 /* Debug */,
				1A98D48C1BAB58D200EC3374 /* Release */,
			);
			defaultConfigurationIsVisible = 0;
		};
		1A98D48D1BAB58D200EC3374 /* Build configuration list for PBXNativeTarget "BullsEyeUITests" */ = {
			isa = XCConfigurationList;
			buildConfigurations = (
				1A98D48E1BAB58D200EC3374 /* Debug */,
				1A98D48F1BAB58D200EC3374 /* Release */,
			);
			defaultConfigurationIsVisible = 0;
		};
/* End XCConfigurationList section */
	};
	rootObject = 1A98D4571BAB58D200EC3374 /* Project object */;
}
