// !$*UTF8*$!
{
	archiveVersion = 1;
	classes = {
	};
	objectVersion = 46;
	objects = {

/* Begin PBXBuildFile section */
		1AF7AB331D2E2E3300303CB2 /* IAPManager.swift in Sources */ = {isa = PBXBuildFile; fileRef = 1AF7AB321D2E2E3300303CB2 /* IAPManager.swift */; };
		93EC50B01D15A2FD00C86491 /* AppDelegate.swift in Sources */ = {isa = PBXBuildFile; fileRef = 93EC50AF1D15A2FD00C86491 /* AppDelegate.swift */; };
		93EC50B21D15A2FD00C86491 /* ViewController.swift in Sources */ = {isa = PBXBuildFile; fileRef = 93EC50B11D15A2FD00C86491 /* ViewController.swift */; };
		93EC50B51D15A2FD00C86491 /* Main.storyboard in Resources */ = {isa = PBXBuildFile; fileRef = 93EC50B31D15A2FD00C86491 /* Main.storyboard */; };
		93EC50B71D15A2FD00C86491 /* Assets.xcassets in Resources */ = {isa = PBXBuildFile; fileRef = 93EC50B61D15A2FD00C86491 /* Assets.xcassets */; };
		93EC50BA1D15A2FD00C86491 /* LaunchScreen.storyboard in Resources */ = {isa = PBXBuildFile; fileRef = 93EC50B81D15A2FD00C86491 /* LaunchScreen.storyboard */; };
		93EC50CA1D1744B100C86491 /* BatteryTableViewCell.swift in Sources */ = {isa = PBXBuildFile; fileRef = 93EC50C91D1744B100C86491 /* BatteryTableViewCell.swift */; };
/* End PBXBuildFile section */

/* Begin PBXFileReference section */
		1AF7AB321D2E2E3300303CB2 /* IAPManager.swift */ = {isa = PBXFileReference; fileEncoding = 4; lastKnownFileType = sourcecode.swift; path = IAPManager.swift; sourceTree = "<group>"; };
		93EC50AC1D15A2FC00C86491 /* Juicr.app */ = {isa = PBXFileReference; explicitFileType = wrapper.application; includeInIndex = 0; path = Juicr.app; sourceTree = BUILT_PRODUCTS_DIR; };
		93EC50AF1D15A2FD00C86491 /* AppDelegate.swift */ = {isa = PBXFileReference; lastKnownFileType = sourcecode.swift; path = AppDelegate.swift; sourceTree = "<group>"; };
		93EC50B11D15A2FD00C86491 /* ViewController.swift */ = {isa = PBXFileReference; lastKnownFileType = sourcecode.swift; path = ViewController.swift; sourceTree = "<group>"; };
		93EC50B41D15A2FD00C86491 /* Base */ = {isa = PBXFileReference; lastKnownFileType = file.storyboard; name = Base; path = Base.lproj/Main.storyboard; sourceTree = "<group>"; };
		93EC50B61D15A2FD00C86491 /* Assets.xcassets */ = {isa = PBXFileReference; lastKnownFileType = folder.assetcatalog; path = Assets.xcassets; sourceTree = "<group>"; };
		93EC50B91D15A2FD00C86491 /* Base */ = {isa = PBXFileReference; lastKnownFileType = file.storyboard; name = Base; path = Base.lproj/LaunchScreen.storyboard; sourceTree = "<group>"; };
		93EC50BB1D15A2FD00C86491 /* Info.plist */ = {isa = PBXFileReference; lastKnownFileType = text.plist.xml; path = Info.plist; sourceTree = "<group>"; };
		93EC50C31D1741B900C86491 /* AAA Battery */ = {isa = PBXFileReference; explicitFileType = folder; includeInIndex = 0; path = "AAA Battery"; sourceTree = BUILT_PRODUCTS_DIR; };
		93EC50C91D1744B100C86491 /* BatteryTableViewCell.swift */ = {isa = PBXFileReference; fileEncoding = 4; lastKnownFileType = sourcecode.swift; path = BatteryTableViewCell.swift; sourceTree = "<group>"; };
/* End PBXFileReference section */

/* Begin PBXFrameworksBuildPhase section */
		93EC50A91D15A2FC00C86491 /* Frameworks */ = {
			isa = PBXFrameworksBuildPhase;
			buildActionMask = 2147483647;
			files = (
			);
			runOnlyForDeploymentPostprocessing = 0;
		};
/* End PBXFrameworksBuildPhase section */

/* Begin PBXGroup section */
		93EC50A31D15A2FC00C86491 = {
			isa = PBXGroup;
			children = (
				93EC50AE1D15A2FD00C86491 /* Juicr */,
				93EC50AD1D15A2FC00C86491 /* Products */,
			);
			sourceTree = "<group>";
		};
		93EC50AD1D15A2FC00C86491 /* Products */ = {
			isa = PBXGroup;
			children = (
				93EC50AC1D15A2FC00C86491 /* Juicr.app */,
				93EC50C31D1741B900C86491 /* AAA Battery */,
			);
			name = Products;
			sourceTree = "<group>";
		};
		93EC50AE1D15A2FD00C86491 /* Juicr */ = {
			isa = PBXGroup;
			children = (
				93EC50AF1D15A2FD00C86491 /* AppDelegate.swift */,
				93EC50B11D15A2FD00C86491 /* ViewController.swift */,
				1AF7AB321D2E2E3300303CB2 /* IAPManager.swift */,
				93EC50C91D1744B100C86491 /* BatteryTableViewCell.swift */,
				93EC50B31D15A2FD00C86491 /* Main.storyboard */,
				93EC50B61D15A2FD00C86491 /* Assets.xcassets */,
				93EC50B81D15A2FD00C86491 /* LaunchScreen.storyboard */,
				93EC50BB1D15A2FD00C86491 /* Info.plist */,
			);
			name = Juicr;
			path = Juicer;
			sourceTree = "<group>";
		};
/* End PBXGroup section */

/* Begin PBXNativeTarget section */
		93EC50AB1D15A2FC00C86491 /* Juicr */ = {
			isa = PBXNativeTarget;
			buildConfigurationList = 93EC50BE1D15A2FD00C86491 /* Build configuration list for PBXNativeTarget "Juicr" */;
			buildPhases = (
				93EC50A81D15A2FC00C86491 /* Sources */,
				93EC50A91D15A2FC00C86491 /* Frameworks */,
				93EC50AA1D15A2FC00C86491 /* Resources */,
			);
			buildRules = (
			);
			dependencies = (
			);
			name = Juicr;
			productName = Juicer;
			productReference = 93EC50AC1D15A2FC00C86491 /* Juicr.app */;
			productType = "com.apple.product-type.application";
		};
		93EC50C21D1741B900C86491 /* AAA Battery */ = {
			isa = PBXNativeTarget;
			buildConfigurationList = 93EC50C81D1741B900C86491 /* Build configuration list for PBXNativeTarget "AAA Battery" */;
			buildPhases = (
				93EC50C11D1741B900C86491 /* Resources */,
			);
			buildRules = (
			);
			dependencies = (
			);
			name = "AAA Battery";
			productName = "AAA Battery";
			productReference = 93EC50C31D1741B900C86491 /* AAA Battery */;
			productType = "com.apple.product-type.in-app-purchase-content";
		};
/* End PBXNativeTarget section */

/* Begin PBXProject section */
		93EC50A41D15A2FC00C86491 /* Project object */ = {
			isa = PBXProject;
			attributes = {
				LastSwiftUpdateCheck = 0730;
				LastUpgradeCheck = 0730;
				ORGANIZATIONNAME = "Taphouse Software";
				TargetAttributes = {
					93EC50AB1D15A2FC00C86491 = {
						CreatedOnToolsVersion = 7.3.1;
					};
					93EC50C21D1741B900C86491 = {
						CreatedOnToolsVersion = 7.3.1;
					};
				};
			};
			buildConfigurationList = 93EC50A71D15A2FC00C86491 /* Build configuration list for PBXProject "Juicr" */;
			compatibilityVersion = "Xcode 3.2";
			developmentRegion = English;
			hasScannedForEncodings = 0;
			knownRegions = (
				en,
				Base,
			);
			mainGroup = 93EC50A31D15A2FC00C86491;
			productRefGroup = 93EC50AD1D15A2FC00C86491 /* Products */;
			projectDirPath = "";
			projectRoot = "";
			targets = (
				93EC50AB1D15A2FC00C86491 /* Juicr */,
				93EC50C21D1741B900C86491 /* AAA Battery */,
			);
		};
/* End PBXProject section */

/* Begin PBXResourcesBuildPhase section */
		93EC50AA1D15A2FC00C86491 /* Resources */ = {
			isa = PBXResourcesBuildPhase;
			buildActionMask = 2147483647;
			files = (
				93EC50BA1D15A2FD00C86491 /* LaunchScreen.storyboard in Resources */,
				93EC50B71D15A2FD00C86491 /* Assets.xcassets in Resources */,
				93EC50B51D15A2FD00C86491 /* Main.storyboard in Resources */,
			);
			runOnlyForDeploymentPostprocessing = 0;
		};
		93EC50C11D1741B900C86491 /* Resources */ = {
			isa = PBXResourcesBuildPhase;
			buildActionMask = 2147483647;
			files = (
			);
			runOnlyForDeploymentPostprocessing = 0;
		};
/* End PBXResourcesBuildPhase section */

/* Begin PBXSourcesBuildPhase section */
		93EC50A81D15A2FC00C86491 /* Sources */ = {
			isa = PBXSourcesBuildPhase;
			buildActionMask = 2147483647;
			files = (
				1AF7AB331D2E2E3300303CB2 /* IAPManager.swift in Sources */,
				93EC50CA1D1744B100C86491 /* BatteryTableViewCell.swift in Sources */,
				93EC50B21D15A2FD00C86491 /* ViewController.swift in Sources */,
				93EC50B01D15A2FD00C86491 /* AppDelegate.swift in Sources */,
			);
			runOnlyForDeploymentPostprocessing = 0;
		};
/* End PBXSourcesBuildPhase section */

/* Begin PBXVariantGroup section */
		93EC50B31D15A2FD00C86491 /* Main.storyboard */ = {
			isa = PBXVariantGroup;
			children = (
				93EC50B41D15A2FD00C86491 /* Base */,
			);
			name = Main.storyboard;
			sourceTree = "<group>";
		};
		93EC50B81D15A2FD00C86491 /* LaunchScreen.storyboard */ = {
			isa = PBXVariantGroup;
			children = (
				93EC50B91D15A2FD00C86491 /* Base */,
			);
			name = LaunchScreen.storyboard;
			sourceTree = "<group>";
		};
/* End PBXVariantGroup section */

/* Begin XCBuildConfiguration section */
		93EC50BC1D15A2FD00C86491 /* Debug */ = {
			isa = XCBuildConfiguration;
			buildSettings = {
				ALWAYS_SEARCH_USER_PATHS = NO;
				CLANG_ANALYZER_NONNULL = YES;
				CLANG_CXX_LANGUAGE_STANDARD = "gnu++0x";
				CLANG_CXX_LIBRARY = "libc++";
				CLANG_ENABLE_MODULES = YES;
				CLANG_ENABLE_OBJC_ARC = YES;
				CLANG_WARN_BOOL_CONVERSION = YES;
				CLANG_WARN_CONSTANT_CONVERSION = YES;
				CLANG_WARN_DIRECT_OBJC_ISA_USAGE = YES_ERROR;
				CLANG_WARN_EMPTY_BODY = YES;
				CLANG_WARN_ENUM_CONVERSION = YES;
				CLANG_WARN_INT_CONVERSION = YES;
				CLANG_WARN_OBJC_ROOT_CLASS = YES_ERROR;
				CLANG_WARN_UNREACHABLE_CODE = YES;
				CLANG_WARN__DUPLICATE_METHOD_MATCH = YES;
				"CODE_SIGN_IDENTITY[sdk=iphoneos*]" = "iPhone Developer";
				COPY_PHASE_STRIP = NO;
				DEBUG_INFORMATION_FORMAT = dwarf;
				ENABLE_STRICT_OBJC_MSGSEND = YES;
				ENABLE_TESTABILITY = YES;
				GCC_C_LANGUAGE_STANDARD = gnu99;
				GCC_DYNAMIC_NO_PIC = NO;
				GCC_NO_COMMON_BLOCKS = YES;
				GCC_OPTIMIZATION_LEVEL = 0;
				GCC_PREPROCESSOR_DEFINITIONS = (
					"DEBUG=1",
					"$(inherited)",
				);
				GCC_WARN_64_TO_32_BIT_CONVERSION = YES;
				GCC_WARN_ABOUT_RETURN_TYPE = YES_ERROR;
				GCC_WARN_UNDECLARED_SELECTOR = YES;
				GCC_WARN_UNINITIALIZED_AUTOS = YES_AGGRESSIVE;
				GCC_WARN_UNUSED_FUNCTION = YES;
				GCC_WARN_UNUSED_VARIABLE = YES;
				IPHONEOS_DEPLOYMENT_TARGET = 9.3;
				MTL_ENABLE_DEBUG_INFO = YES;
				ONLY_ACTIVE_ARCH = YES;
				SDKROOT = iphoneos;
				SWIFT_OPTIMIZATION_LEVEL = "-Onone";
			};
			name = Debug;
		};
		93EC50BD1D15A2FD00C86491 /* Release */ = {
			isa = XCBuildConfiguration;
			buildSettings = {
				ALWAYS_SEARCH_USER_PATHS = NO;
				CLANG_ANALYZER_NONNULL = YES;
				CLANG_CXX_LANGUAGE_STANDARD = "gnu++0x";
				CLANG_CXX_LIBRARY = "libc++";
				CLANG_ENABLE_MODULES = YES;
				CLANG_ENABLE_OBJC_ARC = YES;
				CLANG_WARN_BOOL_CONVERSION = YES;
				CLANG_WARN_CONSTANT_CONVERSION = YES;
				CLANG_WARN_DIRECT_OBJC_ISA_USAGE = YES_ERROR;
				CLANG_WARN_EMPTY_BODY = YES;
				CLANG_WARN_ENUM_CONVERSION = YES;
				CLANG_WARN_INT_CONVERSION = YES;
				CLANG_WARN_OBJC_ROOT_CLASS = YES_ERROR;
				CLANG_WARN_UNREACHABLE_CODE = YES;
				CLANG_WARN__DUPLICATE_METHOD_MATCH = YES;
				"CODE_SIGN_IDENTITY[sdk=iphoneos*]" = "iPhone Developer";
				COPY_PHASE_STRIP = NO;
				DEBUG_INFORMATION_FORMAT = "dwarf-with-dsym";
				ENABLE_NS_ASSERTIONS = NO;
				ENABLE_STRICT_OBJC_MSGSEND = YES;
				GCC_C_LANGUAGE_STANDARD = gnu99;
				GCC_NO_COMMON_BLOCKS = YES;
				GCC_WARN_64_TO_32_BIT_CONVERSION = YES;
				GCC_WARN_ABOUT_RETURN_TYPE = YES_ERROR;
				GCC_WARN_UNDECLARED_SELECTOR = YES;
				GCC_WARN_UNINITIALIZED_AUTOS = YES_AGGRESSIVE;
				GCC_WARN_UNUSED_FUNCTION = YES;
				GCC_WARN_UNUSED_VARIABLE = YES;
				IPHONEOS_DEPLOYMENT_TARGET = 9.3;
				MTL_ENABLE_DEBUG_INFO = NO;
				SDKROOT = iphoneos;
				VALIDATE_PRODUCT = YES;
			};
			name = Release;
		};
		93EC50BF1D15A2FD00C86491 /* Debug */ = {
			isa = XCBuildConfiguration;
			buildSettings = {
				ASSETCATALOG_COMPILER_APPICON_NAME = AppIcon;
				INFOPLIST_FILE = Juicer/Info.plist;
				LD_RUNPATH_SEARCH_PATHS = "$(inherited) @executable_path/Frameworks";
				PRODUCT_BUNDLE_IDENTIFIER = io.taphouse.juicr;
				PRODUCT_NAME = Juicr;
			};
			name = Debug;
		};
		93EC50C01D15A2FD00C86491 /* Release */ = {
			isa = XCBuildConfiguration;
			buildSettings = {
				ASSETCATALOG_COMPILER_APPICON_NAME = AppIcon;
				INFOPLIST_FILE = Juicer/Info.plist;
				LD_RUNPATH_SEARCH_PATHS = "$(inherited) @executable_path/Frameworks";
				PRODUCT_BUNDLE_IDENTIFIER = io.taphouse.juicr;
				PRODUCT_NAME = Juicr;
			};
			name = Release;
		};
		93EC50C61D1741B900C86491 /* Debug */ = {
			isa = XCBuildConfiguration;
			buildSettings = {
				INFOPLIST_FILE = "AAA Battery/ContentInfo.plist";
				INSTALL_PATH = "$(LOCAL_LIBRARY_DIR)/InAppPurchaseContent";
				PRODUCT_NAME = "$(TARGET_NAME)";
				WRAPPER_EXTENSION = "";
			};
			name = Debug;
		};
		93EC50C71D1741B900C86491 /* Release */ = {
			isa = XCBuildConfiguration;
			buildSettings = {
				INFOPLIST_FILE = "AAA Battery/ContentInfo.plist";
				INSTALL_PATH = "$(LOCAL_LIBRARY_DIR)/InAppPurchaseContent";
				PRODUCT_NAME = "$(TARGET_NAME)";
				WRAPPER_EXTENSION = "";
			};
			name = Release;
		};
/* End XCBuildConfiguration section */

/* Begin XCConfigurationList section */
		93EC50A71D15A2FC00C86491 /* Build configuration list for PBXProject "Juicr" */ = {
			isa = XCConfigurationList;
			buildConfigurations = (
				93EC50BC1D15A2FD00C86491 /* Debug */,
				93EC50BD1D15A2FD00C86491 /* Release */,
			);
			defaultConfigurationIsVisible = 0;
			defaultConfigurationName = Release;
		};
		93EC50BE1D15A2FD00C86491 /* Build configuration list for PBXNativeTarget "Juicr" */ = {
			isa = XCConfigurationList;
			buildConfigurations = (
				93EC50BF1D15A2FD00C86491 /* Debug */,
				93EC50C01D15A2FD00C86491 /* Release */,
			);
			defaultConfigurationIsVisible = 0;
			defaultConfigurationName = Release;
		};
		93EC50C81D1741B900C86491 /* Build configuration list for PBXNativeTarget "AAA Battery" */ = {
			isa = XCConfigurationList;
			buildConfigurations = (
				93EC50C61D1741B900C86491 /* Debug */,
				93EC50C71D1741B900C86491 /* Release */,
			);
			defaultConfigurationIsVisible = 0;
			defaultConfigurationName = Release;
		};
/* End XCConfigurationList section */
	};
	rootObject = 93EC50A41D15A2FC00C86491 /* Project object */;
}
